Microsoft Visual Studio Solution File, Format Version 12.00
# Visual Studio Version 17
VisualStudioVersion = 17.5.2.0
MinimumVisualStudioVersion = 10.0.40219.1
Project("{FAE04EC0-301F-11D3-BF4B-00C04F79EFBC}") = "GameJwt", "GameJwt.csproj", "{9E73C739-4D6D-B291-44D9-4A9F667C637E}"
EndProject
Global
	GlobalSection(SolutionConfigurationPlatforms) = preSolution
		Debug|Any CPU = Debug|Any CPU
		Release|Any CPU = Release|Any CPU
	EndGlobalSection
	GlobalSection(ProjectConfigurationPlatforms) = postSolution
		{9E73C739-4D6D-B291-44D9-4A9F667C637E}.Debug|Any CPU.ActiveCfg = Debug|Any CPU
		{9E73C739-4D6D-B291-44D9-4A9F667C637E}.Debug|Any CPU.Build.0 = Debug|Any CPU
		{9E73C739-4D6D-B291-44D9-4A9F667C637E}.Release|Any CPU.ActiveCfg = Release|Any CPU
		{9E73C739-4D6D-B291-44D9-4A9F667C637E}.Release|Any CPU.Build.0 = Release|Any CPU
	EndGlobalSection
	GlobalSection(SolutionProperties) = preSolution
		HideSolutionNode = FALSE
	EndGlobalSection
	GlobalSection(ExtensibilityGlobals) = postSolution
		SolutionGuid = {0E1DEFBE-EC16-4D33-8BF2-0563B24FE7C3}
	EndGlobalSection
EndGlobal
